
Microsoft Visual Studio Solution File, Format Version 12.00
# Visual Studio Version 17
VisualStudioVersion = 17.2.32630.192
MinimumVisualStudioVersion = 10.0.40219.1
Project("{9A19103F-16F7-4668-BE54-9A1E7A4F7556}") = "R5T.T0245", "R5T.T0245\R5T.T0245.csproj", "{39A9A540-C35D-4E77-A6DA-93B83D611062}"
EndProject
Project("{2150E333-8FDC-42A3-9474-1A3956D46DE8}") = "_Dependencies", "_Dependencies", "{CDE46506-6624-499B-A55F-61A5490EC1F2}"
EndProject
Project("{9A19103F-16F7-4668-BE54-9A1E7A4F7556}") = "R5T.T0132", "..\..\R5T.T0132\source\R5T.T0132\R5T.T0132.csproj", "{7B39762F-23EA-472E-96FC-E8F59B33437F}"
EndProject
Project("{9A19103F-16F7-4668-BE54-9A1E7A4F7556}") = "R5T.T0142", "..\..\R5T.T0142\source\R5T.T0142\R5T.T0142.csproj", "{5131402C-BDC3-4692-92EA-0E41EDE3A7B2}"
EndProject
Project("{9A19103F-16F7-4668-BE54-9A1E7A4F7556}") = "R5T.T0143", "..\..\R5T.T0143\source\R5T.T0143\R5T.T0143.csproj", "{5D40DA61-8EC1-44E4-A6A4-CCBB5E00D42D}"
EndProject
Project("{9A19103F-16F7-4668-BE54-9A1E7A4F7556}") = "R5T.T0178", "..\..\R5T.T0178\source\R5T.T0178\R5T.T0178.csproj", "{3677B340-4F8B-46AC-80D9-097B847C9EA3}"
EndProject
Project("{9A19103F-16F7-4668-BE54-9A1E7A4F7556}") = "R5T.T0179", "..\..\R5T.T0179\source\R5T.T0179\R5T.T0179.csproj", "{5FD84A3A-A818-464B-9B0C-55F27FF0B2FE}"
EndProject
Global
	GlobalSection(NestedProjects) = preSolution
		{7B39762F-23EA-472E-96FC-E8F59B33437F} = {CDE46506-6624-499B-A55F-61A5490EC1F2}
		{5131402C-BDC3-4692-92EA-0E41EDE3A7B2} = {CDE46506-6624-499B-A55F-61A5490EC1F2}
		{5D40DA61-8EC1-44E4-A6A4-CCBB5E00D42D} = {CDE46506-6624-499B-A55F-61A5490EC1F2}
		{3677B340-4F8B-46AC-80D9-097B847C9EA3} = {CDE46506-6624-499B-A55F-61A5490EC1F2}
		{5FD84A3A-A818-464B-9B0C-55F27FF0B2FE} = {CDE46506-6624-499B-A55F-61A5490EC1F2}
	EndGlobalSection
	GlobalSection(SolutionConfigurationPlatforms) = preSolution
		Debug|Any CPU = Debug|Any CPU
		Release|Any CPU = Release|Any CPU
	EndGlobalSection
	GlobalSection(ProjectConfigurationPlatforms) = postSolution
		{39A9A540-C35D-4E77-A6DA-93B83D611062}.Debug|Any CPU.ActiveCfg = Debug|Any CPU
		{39A9A540-C35D-4E77-A6DA-93B83D611062}.Debug|Any CPU.Build.0 = Debug|Any CPU
		{39A9A540-C35D-4E77-A6DA-93B83D611062}.Release|Any CPU.ActiveCfg = Release|Any CPU
		{39A9A540-C35D-4E77-A6DA-93B83D611062}.Release|Any CPU.Build.0 = Release|Any CPU
		{7B39762F-23EA-472E-96FC-E8F59B33437F}.Debug|Any CPU.ActiveCfg = Debug|Any CPU
		{7B39762F-23EA-472E-96FC-E8F59B33437F}.Debug|Any CPU.Build.0 = Debug|Any CPU
		{7B39762F-23EA-472E-96FC-E8F59B33437F}.Release|Any CPU.ActiveCfg = Release|Any CPU
		{7B39762F-23EA-472E-96FC-E8F59B33437F}.Release|Any CPU.Build.0 = Release|Any CPU
		{5131402C-BDC3-4692-92EA-0E41EDE3A7B2}.Debug|Any CPU.ActiveCfg = Debug|Any CPU
		{5131402C-BDC3-4692-92EA-0E41EDE3A7B2}.Debug|Any CPU.Build.0 = Debug|Any CPU
		{5131402C-BDC3-4692-92EA-0E41EDE3A7B2}.Release|Any CPU.ActiveCfg = Release|Any CPU
		{5131402C-BDC3-4692-92EA-0E41EDE3A7B2}.Release|Any CPU.Build.0 = Release|Any CPU
		{5D40DA61-8EC1-44E4-A6A4-CCBB5E00D42D}.Debug|Any CPU.ActiveCfg = Debug|Any CPU
		{5D40DA61-8EC1-44E4-A6A4-CCBB5E00D42D}.Debug|Any CPU.Build.0 = Debug|Any CPU
		{5D40DA61-8EC1-44E4-A6A4-CCBB5E00D42D}.Release|Any CPU.ActiveCfg = Release|Any CPU
		{5D40DA61-8EC1-44E4-A6A4-CCBB5E00D42D}.Release|Any CPU.Build.0 = Release|Any CPU
		{3677B340-4F8B-46AC-80D9-097B847C9EA3}.Debug|Any CPU.ActiveCfg = Debug|Any CPU
		{3677B340-4F8B-46AC-80D9-097B847C9EA3}.Debug|Any CPU.Build.0 = Debug|Any CPU
		{3677B340-4F8B-46AC-80D9-097B847C9EA3}.Release|Any CPU.ActiveCfg = Release|Any CPU
		{3677B340-4F8B-46AC-80D9-097B847C9EA3}.Release|Any CPU.Build.0 = Release|Any CPU
		{5FD84A3A-A818-464B-9B0C-55F27FF0B2FE}.Debug|Any CPU.ActiveCfg = Debug|Any CPU
		{5FD84A3A-A818-464B-9B0C-55F27FF0B2FE}.Debug|Any CPU.Build.0 = Debug|Any CPU
		{5FD84A3A-A818-464B-9B0C-55F27FF0B2FE}.Release|Any CPU.ActiveCfg = Release|Any CPU
		{5FD84A3A-A818-464B-9B0C-55F27FF0B2FE}.Release|Any CPU.Build.0 = Release|Any CPU
	EndGlobalSection
	GlobalSection(SolutionProperties) = preSolution
		HideSolutionNode = FALSE
	EndGlobalSection
	GlobalSection(ExtensibilityGlobals) = postSolution
		SolutionGuid = {5648EE92-DB57-423C-9B25-EB969A6857E3}
	EndGlobalSection
EndGlobal
