
Microsoft Visual Studio Solution File, Format Version 12.00
# Visual Studio Version 17
VisualStudioVersion = 17.2.32630.192
MinimumVisualStudioVersion = 10.0.40219.1
Project("{9A19103F-16F7-4668-BE54-9A1E7A4F7556}") = "R5T.T0245.Construction", "R5T.T0245.Construction\R5T.T0245.Construction.csproj", "{4A8915E1-C949-4DAB-B734-6CB9F19E478A}"
EndProject
Project("{9A19103F-16F7-4668-BE54-9A1E7A4F7556}") = "R5T.T0245", "R5T.T0245\R5T.T0245.csproj", "{4A38D558-0F1B-4CA4-B613-29C804416918}"
EndProject
Project("{2150E333-8FDC-42A3-9474-1A3956D46DE8}") = "_Dependencies", "_Dependencies", "{97707A1A-77B5-4320-B97F-10B192964407}"
EndProject
Project("{9A19103F-16F7-4668-BE54-9A1E7A4F7556}") = "R5T.T0132", "..\..\R5T.T0132\source\R5T.T0132\R5T.T0132.csproj", "{2A486341-F0DD-4B34-99C4-442CA51E04A3}"
EndProject
Project("{9A19103F-16F7-4668-BE54-9A1E7A4F7556}") = "R5T.T0142", "..\..\R5T.T0142\source\R5T.T0142\R5T.T0142.csproj", "{8D146E2C-C824-4986-A0F7-460B93BB6DC8}"
EndProject
Project("{9A19103F-16F7-4668-BE54-9A1E7A4F7556}") = "R5T.T0143", "..\..\R5T.T0143\source\R5T.T0143\R5T.T0143.csproj", "{35C1A138-90C7-439B-B659-2EC909360C84}"
EndProject
Project("{9A19103F-16F7-4668-BE54-9A1E7A4F7556}") = "R5T.T0178", "..\..\R5T.T0178\source\R5T.T0178\R5T.T0178.csproj", "{F67A6A5B-CB31-411C-9230-9CDC5C9B067B}"
EndProject
Project("{9A19103F-16F7-4668-BE54-9A1E7A4F7556}") = "R5T.T0179", "..\..\R5T.T0179\source\R5T.T0179\R5T.T0179.csproj", "{5C21AABB-1281-4421-A8FE-2F0D85DEA2DB}"
EndProject
Global
	GlobalSection(NestedProjects) = preSolution
		{2A486341-F0DD-4B34-99C4-442CA51E04A3} = {97707A1A-77B5-4320-B97F-10B192964407}
		{8D146E2C-C824-4986-A0F7-460B93BB6DC8} = {97707A1A-77B5-4320-B97F-10B192964407}
		{35C1A138-90C7-439B-B659-2EC909360C84} = {97707A1A-77B5-4320-B97F-10B192964407}
		{F67A6A5B-CB31-411C-9230-9CDC5C9B067B} = {97707A1A-77B5-4320-B97F-10B192964407}
		{5C21AABB-1281-4421-A8FE-2F0D85DEA2DB} = {97707A1A-77B5-4320-B97F-10B192964407}
	EndGlobalSection
	GlobalSection(SolutionConfigurationPlatforms) = preSolution
		Debug|Any CPU = Debug|Any CPU
		Release|Any CPU = Release|Any CPU
	EndGlobalSection
	GlobalSection(ProjectConfigurationPlatforms) = postSolution
		{4A8915E1-C949-4DAB-B734-6CB9F19E478A}.Debug|Any CPU.ActiveCfg = Debug|Any CPU
		{4A8915E1-C949-4DAB-B734-6CB9F19E478A}.Debug|Any CPU.Build.0 = Debug|Any CPU
		{4A8915E1-C949-4DAB-B734-6CB9F19E478A}.Release|Any CPU.ActiveCfg = Release|Any CPU
		{4A8915E1-C949-4DAB-B734-6CB9F19E478A}.Release|Any CPU.Build.0 = Release|Any CPU
		{4A38D558-0F1B-4CA4-B613-29C804416918}.Debug|Any CPU.ActiveCfg = Debug|Any CPU
		{4A38D558-0F1B-4CA4-B613-29C804416918}.Debug|Any CPU.Build.0 = Debug|Any CPU
		{4A38D558-0F1B-4CA4-B613-29C804416918}.Release|Any CPU.ActiveCfg = Release|Any CPU
		{4A38D558-0F1B-4CA4-B613-29C804416918}.Release|Any CPU.Build.0 = Release|Any CPU
		{2A486341-F0DD-4B34-99C4-442CA51E04A3}.Debug|Any CPU.ActiveCfg = Debug|Any CPU
		{2A486341-F0DD-4B34-99C4-442CA51E04A3}.Debug|Any CPU.Build.0 = Debug|Any CPU
		{2A486341-F0DD-4B34-99C4-442CA51E04A3}.Release|Any CPU.ActiveCfg = Release|Any CPU
		{2A486341-F0DD-4B34-99C4-442CA51E04A3}.Release|Any CPU.Build.0 = Release|Any CPU
		{8D146E2C-C824-4986-A0F7-460B93BB6DC8}.Debug|Any CPU.ActiveCfg = Debug|Any CPU
		{8D146E2C-C824-4986-A0F7-460B93BB6DC8}.Debug|Any CPU.Build.0 = Debug|Any CPU
		{8D146E2C-C824-4986-A0F7-460B93BB6DC8}.Release|Any CPU.ActiveCfg = Release|Any CPU
		{8D146E2C-C824-4986-A0F7-460B93BB6DC8}.Release|Any CPU.Build.0 = Release|Any CPU
		{35C1A138-90C7-439B-B659-2EC909360C84}.Debug|Any CPU.ActiveCfg = Debug|Any CPU
		{35C1A138-90C7-439B-B659-2EC909360C84}.Debug|Any CPU.Build.0 = Debug|Any CPU
		{35C1A138-90C7-439B-B659-2EC909360C84}.Release|Any CPU.ActiveCfg = Release|Any CPU
		{35C1A138-90C7-439B-B659-2EC909360C84}.Release|Any CPU.Build.0 = Release|Any CPU
		{F67A6A5B-CB31-411C-9230-9CDC5C9B067B}.Debug|Any CPU.ActiveCfg = Debug|Any CPU
		{F67A6A5B-CB31-411C-9230-9CDC5C9B067B}.Debug|Any CPU.Build.0 = Debug|Any CPU
		{F67A6A5B-CB31-411C-9230-9CDC5C9B067B}.Release|Any CPU.ActiveCfg = Release|Any CPU
		{F67A6A5B-CB31-411C-9230-9CDC5C9B067B}.Release|Any CPU.Build.0 = Release|Any CPU
		{5C21AABB-1281-4421-A8FE-2F0D85DEA2DB}.Debug|Any CPU.ActiveCfg = Debug|Any CPU
		{5C21AABB-1281-4421-A8FE-2F0D85DEA2DB}.Debug|Any CPU.Build.0 = Debug|Any CPU
		{5C21AABB-1281-4421-A8FE-2F0D85DEA2DB}.Release|Any CPU.ActiveCfg = Release|Any CPU
		{5C21AABB-1281-4421-A8FE-2F0D85DEA2DB}.Release|Any CPU.Build.0 = Release|Any CPU
	EndGlobalSection
	GlobalSection(SolutionProperties) = preSolution
		HideSolutionNode = FALSE
	EndGlobalSection
	GlobalSection(ExtensibilityGlobals) = postSolution
		SolutionGuid = {DAD5D97F-E390-41CB-B741-86BDB10026AA}
	EndGlobalSection
EndGlobal
